
Microsoft Visual Studio Solution File, Format Version 12.00
# Visual Studio Version 16
VisualStudioVersion = 16.0.31729.503
MinimumVisualStudioVersion = 10.0.40219.1
Project("{FAE04EC0-301F-11D3-BF4B-00C04F79EFBC}") = "BurgerJoint", "BurgerJoint\BurgerJoint.csproj", "{7734B66D-3B4C-45EA-B177-783379D1CEBF}"
EndProject
Global
	GlobalSection(SolutionConfigurationPlatforms) = preSolution
		Debug|Any CPU = Debug|Any CPU
		Release|Any CPU = Release|Any CPU
	EndGlobalSection
	GlobalSection(ProjectConfigurationPlatforms) = postSolution
		{7734B66D-3B4C-45EA-B177-783379D1CEBF}.Debug|Any CPU.ActiveCfg = Debug|Any CPU
		{7734B66D-3B4C-45EA-B177-783379D1CEBF}.Debug|Any CPU.Build.0 = Debug|Any CPU
		{7734B66D-3B4C-45EA-B177-783379D1CEBF}.Release|Any CPU.ActiveCfg = Release|Any CPU
		{7734B66D-3B4C-45EA-B177-783379D1CEBF}.Release|Any CPU.Build.0 = Release|Any CPU
	EndGlobalSection
	GlobalSection(SolutionProperties) = preSolution
		HideSolutionNode = FALSE
	EndGlobalSection
	GlobalSection(ExtensibilityGlobals) = postSolution
		SolutionGuid = {7872D8A5-9B14-4BD0-AD72-A6158A8905FE}
	EndGlobalSection
EndGlobal
